
Microsoft Visual Studio Solution File, Format Version 12.00
# Visual Studio Version 16
VisualStudioVersion = 16.0.32510.428
MinimumVisualStudioVersion = 10.0.40219.1
Project("{FAE04EC0-301F-11D3-BF4B-00C04F79EFBC}") = "NormNorm", "NormNorm\NormNorm.csproj", "{158BA0C1-2A6E-4692-BE8E-DB2F78093E86}"
EndProject
Project("{FAE04EC0-301F-11D3-BF4B-00C04F79EFBC}") = "Classes", "Classes\Classes.csproj", "{09809961-7892-4F31-9CA5-1B8E48E6FD78}"
EndProject
Global
	GlobalSection(SolutionConfigurationPlatforms) = preSolution
		Debug|Any CPU = Debug|Any CPU
		Release|Any CPU = Release|Any CPU
	EndGlobalSection
	GlobalSection(ProjectConfigurationPlatforms) = postSolution
		{158BA0C1-2A6E-4692-BE8E-DB2F78093E86}.Debug|Any CPU.ActiveCfg = Debug|Any CPU
		{158BA0C1-2A6E-4692-BE8E-DB2F78093E86}.Debug|Any CPU.Build.0 = Debug|Any CPU
		{158BA0C1-2A6E-4692-BE8E-DB2F78093E86}.Release|Any CPU.ActiveCfg = Release|Any CPU
		{158BA0C1-2A6E-4692-BE8E-DB2F78093E86}.Release|Any CPU.Build.0 = Release|Any CPU
		{09809961-7892-4F31-9CA5-1B8E48E6FD78}.Debug|Any CPU.ActiveCfg = Debug|Any CPU
		{09809961-7892-4F31-9CA5-1B8E48E6FD78}.Debug|Any CPU.Build.0 = Debug|Any CPU
		{09809961-7892-4F31-9CA5-1B8E48E6FD78}.Release|Any CPU.ActiveCfg = Release|Any CPU
		{09809961-7892-4F31-9CA5-1B8E48E6FD78}.Release|Any CPU.Build.0 = Release|Any CPU
	EndGlobalSection
	GlobalSection(SolutionProperties) = preSolution
		HideSolutionNode = FALSE
	EndGlobalSection
	GlobalSection(ExtensibilityGlobals) = postSolution
		SolutionGuid = {D929345D-FBE1-42AF-9BAA-9DA0859B4D9A}
	EndGlobalSection
EndGlobal
